
Microsoft Visual Studio Solution File, Format Version 11.00
# Visual Studio 2010
Project("{FAE04EC0-301F-11D3-BF4B-00C04F79EFBC}") = "RNXCL", "RNInjector\View\RNXCL.csproj", "{D0D2FDBE-98AF-4490-B85C-66A7D584EF49}"
EndProject
Project("{F2A71F9B-5D33-465A-A702-920D77279786}") = "RNViewModel", "RNInjector\ViewModel\RNViewModel.fsproj", "{5921E5DC-7639-4B1B-8D68-BA67FF17D879}"
EndProject
Project("{F2A71F9B-5D33-465A-A702-920D77279786}") = "RNConfig", "RNInjector\Repository\RNConfig.fsproj", "{1312F1D2-B542-4665-9A83-FBA74630AD78}"
EndProject
Project("{F2A71F9B-5D33-465A-A702-920D77279786}") = "RNModel", "RNInjector\Model\RNModel.fsproj", "{13373E3A-D4E8-44A9-A506-471EBEA624C3}"
EndProject
Project("{F2A71F9B-5D33-465A-A702-920D77279786}") = "Hackaround", "Hackaround\Hackaround.fsproj", "{A7B9BBCD-18DF-4D10-A14C-F14955A45A38}"
EndProject
Global
	GlobalSection(SolutionConfigurationPlatforms) = preSolution
		Debug|Any CPU = Debug|Any CPU
		Debug|Mixed Platforms = Debug|Mixed Platforms
		Debug|x86 = Debug|x86
		Release|Any CPU = Release|Any CPU
		Release|Mixed Platforms = Release|Mixed Platforms
		Release|x86 = Release|x86
	EndGlobalSection
	GlobalSection(ProjectConfigurationPlatforms) = postSolution
		{D0D2FDBE-98AF-4490-B85C-66A7D584EF49}.Debug|Any CPU.ActiveCfg = Debug|x86
		{D0D2FDBE-98AF-4490-B85C-66A7D584EF49}.Debug|Mixed Platforms.ActiveCfg = Debug|x86
		{D0D2FDBE-98AF-4490-B85C-66A7D584EF49}.Debug|Mixed Platforms.Build.0 = Debug|x86
		{D0D2FDBE-98AF-4490-B85C-66A7D584EF49}.Debug|x86.ActiveCfg = Debug|x86
		{D0D2FDBE-98AF-4490-B85C-66A7D584EF49}.Debug|x86.Build.0 = Debug|x86
		{D0D2FDBE-98AF-4490-B85C-66A7D584EF49}.Release|Any CPU.ActiveCfg = Release|x86
		{D0D2FDBE-98AF-4490-B85C-66A7D584EF49}.Release|Mixed Platforms.ActiveCfg = Release|x86
		{D0D2FDBE-98AF-4490-B85C-66A7D584EF49}.Release|Mixed Platforms.Build.0 = Release|x86
		{D0D2FDBE-98AF-4490-B85C-66A7D584EF49}.Release|x86.ActiveCfg = Release|x86
		{D0D2FDBE-98AF-4490-B85C-66A7D584EF49}.Release|x86.Build.0 = Release|x86
		{5921E5DC-7639-4B1B-8D68-BA67FF17D879}.Debug|Any CPU.ActiveCfg = Debug|Any CPU
		{5921E5DC-7639-4B1B-8D68-BA67FF17D879}.Debug|Any CPU.Build.0 = Debug|Any CPU
		{5921E5DC-7639-4B1B-8D68-BA67FF17D879}.Debug|Mixed Platforms.ActiveCfg = Debug|Any CPU
		{5921E5DC-7639-4B1B-8D68-BA67FF17D879}.Debug|Mixed Platforms.Build.0 = Debug|Any CPU
		{5921E5DC-7639-4B1B-8D68-BA67FF17D879}.Debug|x86.ActiveCfg = Debug|Any CPU
		{5921E5DC-7639-4B1B-8D68-BA67FF17D879}.Release|Any CPU.ActiveCfg = Release|Any CPU
		{5921E5DC-7639-4B1B-8D68-BA67FF17D879}.Release|Any CPU.Build.0 = Release|Any CPU
		{5921E5DC-7639-4B1B-8D68-BA67FF17D879}.Release|Mixed Platforms.ActiveCfg = Release|Any CPU
		{5921E5DC-7639-4B1B-8D68-BA67FF17D879}.Release|Mixed Platforms.Build.0 = Release|Any CPU
		{5921E5DC-7639-4B1B-8D68-BA67FF17D879}.Release|x86.ActiveCfg = Release|Any CPU
		{1312F1D2-B542-4665-9A83-FBA74630AD78}.Debug|Any CPU.ActiveCfg = Debug|Any CPU
		{1312F1D2-B542-4665-9A83-FBA74630AD78}.Debug|Any CPU.Build.0 = Debug|Any CPU
		{1312F1D2-B542-4665-9A83-FBA74630AD78}.Debug|Mixed Platforms.ActiveCfg = Debug|Any CPU
		{1312F1D2-B542-4665-9A83-FBA74630AD78}.Debug|Mixed Platforms.Build.0 = Debug|Any CPU
		{1312F1D2-B542-4665-9A83-FBA74630AD78}.Debug|x86.ActiveCfg = Debug|Any CPU
		{1312F1D2-B542-4665-9A83-FBA74630AD78}.Release|Any CPU.ActiveCfg = Release|Any CPU
		{1312F1D2-B542-4665-9A83-FBA74630AD78}.Release|Any CPU.Build.0 = Release|Any CPU
		{1312F1D2-B542-4665-9A83-FBA74630AD78}.Release|Mixed Platforms.ActiveCfg = Release|Any CPU
		{1312F1D2-B542-4665-9A83-FBA74630AD78}.Release|Mixed Platforms.Build.0 = Release|Any CPU
		{1312F1D2-B542-4665-9A83-FBA74630AD78}.Release|x86.ActiveCfg = Release|Any CPU
		{13373E3A-D4E8-44A9-A506-471EBEA624C3}.Debug|Any CPU.ActiveCfg = Debug|Any CPU
		{13373E3A-D4E8-44A9-A506-471EBEA624C3}.Debug|Any CPU.Build.0 = Debug|Any CPU
		{13373E3A-D4E8-44A9-A506-471EBEA624C3}.Debug|Mixed Platforms.ActiveCfg = Debug|Any CPU
		{13373E3A-D4E8-44A9-A506-471EBEA624C3}.Debug|Mixed Platforms.Build.0 = Debug|Any CPU
		{13373E3A-D4E8-44A9-A506-471EBEA624C3}.Debug|x86.ActiveCfg = Debug|Any CPU
		{13373E3A-D4E8-44A9-A506-471EBEA624C3}.Release|Any CPU.ActiveCfg = Release|Any CPU
		{13373E3A-D4E8-44A9-A506-471EBEA624C3}.Release|Any CPU.Build.0 = Release|Any CPU
		{13373E3A-D4E8-44A9-A506-471EBEA624C3}.Release|Mixed Platforms.ActiveCfg = Release|Any CPU
		{13373E3A-D4E8-44A9-A506-471EBEA624C3}.Release|Mixed Platforms.Build.0 = Release|Any CPU
		{13373E3A-D4E8-44A9-A506-471EBEA624C3}.Release|x86.ActiveCfg = Release|Any CPU
		{A7B9BBCD-18DF-4D10-A14C-F14955A45A38}.Debug|Any CPU.ActiveCfg = Debug|Any CPU
		{A7B9BBCD-18DF-4D10-A14C-F14955A45A38}.Debug|Any CPU.Build.0 = Debug|Any CPU
		{A7B9BBCD-18DF-4D10-A14C-F14955A45A38}.Debug|Mixed Platforms.ActiveCfg = Debug|Any CPU
		{A7B9BBCD-18DF-4D10-A14C-F14955A45A38}.Debug|Mixed Platforms.Build.0 = Debug|Any CPU
		{A7B9BBCD-18DF-4D10-A14C-F14955A45A38}.Debug|x86.ActiveCfg = Debug|Any CPU
		{A7B9BBCD-18DF-4D10-A14C-F14955A45A38}.Release|Any CPU.ActiveCfg = Release|Any CPU
		{A7B9BBCD-18DF-4D10-A14C-F14955A45A38}.Release|Any CPU.Build.0 = Release|Any CPU
		{A7B9BBCD-18DF-4D10-A14C-F14955A45A38}.Release|Mixed Platforms.ActiveCfg = Release|Any CPU
		{A7B9BBCD-18DF-4D10-A14C-F14955A45A38}.Release|Mixed Platforms.Build.0 = Release|Any CPU
		{A7B9BBCD-18DF-4D10-A14C-F14955A45A38}.Release|x86.ActiveCfg = Release|Any CPU
	EndGlobalSection
	GlobalSection(SolutionProperties) = preSolution
		HideSolutionNode = FALSE
	EndGlobalSection
EndGlobal
